{
  "name": "code",
  "version": "1.0.0",
  "lockfileVersion": 1,
  "requires": true,
  "dependencies": {
    "typescript-plus": {
      "version": "2.7.3",
      "resolved": "http://27.115.103.14:7001/typescript-plus/download/typescript-plus-2.7.3.tgz",
      "integrity": "sha1-GASQOEjpoUQ6e/lvmstDxqEYTyI=",
      "dev": true
    }
  }
}
